
Microsoft Visual Studio Solution File, Format Version 12.00
# Visual Studio Version 17
VisualStudioVersion = 17.7.34221.43
MinimumVisualStudioVersion = 10.0.40219.1
Project("{FAE04EC0-301F-11D3-BF4B-00C04F79EFBC}") = "dotnetCoreWebApp", "dotnetCoreWebApp\dotnetCoreWebApp.csproj", "{496E9D3B-308D-4693-9085-6A4ACE160221}"
EndProject
Global
	GlobalSection(SolutionConfigurationPlatforms) = preSolution
		Debug|Any CPU = Debug|Any CPU
		Release|Any CPU = Release|Any CPU
	EndGlobalSection
	GlobalSection(ProjectConfigurationPlatforms) = postSolution
		{496E9D3B-308D-4693-9085-6A4ACE160221}.Debug|Any CPU.ActiveCfg = Debug|Any CPU
		{496E9D3B-308D-4693-9085-6A4ACE160221}.Debug|Any CPU.Build.0 = Debug|Any CPU
		{496E9D3B-308D-4693-9085-6A4ACE160221}.Release|Any CPU.ActiveCfg = Release|Any CPU
		{496E9D3B-308D-4693-9085-6A4ACE160221}.Release|Any CPU.Build.0 = Release|Any CPU
	EndGlobalSection
	GlobalSection(SolutionProperties) = preSolution
		HideSolutionNode = FALSE
	EndGlobalSection
	GlobalSection(ExtensibilityGlobals) = postSolution
		SolutionGuid = {FB961E9A-8BC0-412B-B9A2-7C6892596C49}
	EndGlobalSection
EndGlobal
